
Microsoft Visual Studio Solution File, Format Version 12.00
# Visual Studio 15
VisualStudioVersion = 15.0.28307.168
MinimumVisualStudioVersion = 10.0.40219.1
Project("{FAE04EC0-301F-11D3-BF4B-00C04F79EFBC}") = "GetOrderFromSOFunc", "GetOrderFromSOFunc\GetOrderFromSOFunc.csproj", "{473B4BF0-43FD-41F2-8134-9AA88EF58B7B}"
EndProject
Global
	GlobalSection(SolutionConfigurationPlatforms) = preSolution
		Debug|Any CPU = Debug|Any CPU
		Release|Any CPU = Release|Any CPU
	EndGlobalSection
	GlobalSection(ProjectConfigurationPlatforms) = postSolution
		{473B4BF0-43FD-41F2-8134-9AA88EF58B7B}.Debug|Any CPU.ActiveCfg = Debug|Any CPU
		{473B4BF0-43FD-41F2-8134-9AA88EF58B7B}.Debug|Any CPU.Build.0 = Debug|Any CPU
		{473B4BF0-43FD-41F2-8134-9AA88EF58B7B}.Release|Any CPU.ActiveCfg = Release|Any CPU
		{473B4BF0-43FD-41F2-8134-9AA88EF58B7B}.Release|Any CPU.Build.0 = Release|Any CPU
	EndGlobalSection
	GlobalSection(SolutionProperties) = preSolution
		HideSolutionNode = FALSE
	EndGlobalSection
	GlobalSection(ExtensibilityGlobals) = postSolution
		SolutionGuid = {6EB7313D-6684-4176-B80E-C6E53188000A}
	EndGlobalSection
EndGlobal
